
Microsoft Visual Studio Solution File, Format Version 12.00
# Visual Studio 15
VisualStudioVersion = 15.0.28010.2036
MinimumVisualStudioVersion = 10.0.40219.1
Project("{FAE04EC0-301F-11D3-BF4B-00C04F79EFBC}") = "exam", "exam\exam.csproj", "{F3E43415-D46E-4B7A-A237-096B7F18ADBC}"
EndProject
Global
	GlobalSection(SolutionConfigurationPlatforms) = preSolution
		Debug|Any CPU = Debug|Any CPU
		Release|Any CPU = Release|Any CPU
	EndGlobalSection
	GlobalSection(ProjectConfigurationPlatforms) = postSolution
		{F3E43415-D46E-4B7A-A237-096B7F18ADBC}.Debug|Any CPU.ActiveCfg = Debug|Any CPU
		{F3E43415-D46E-4B7A-A237-096B7F18ADBC}.Debug|Any CPU.Build.0 = Debug|Any CPU
		{F3E43415-D46E-4B7A-A237-096B7F18ADBC}.Release|Any CPU.ActiveCfg = Release|Any CPU
		{F3E43415-D46E-4B7A-A237-096B7F18ADBC}.Release|Any CPU.Build.0 = Release|Any CPU
	EndGlobalSection
	GlobalSection(SolutionProperties) = preSolution
		HideSolutionNode = FALSE
	EndGlobalSection
	GlobalSection(ExtensibilityGlobals) = postSolution
		SolutionGuid = {66F4BF59-EF49-41A9-BECA-B21DDD930647}
	EndGlobalSection
EndGlobal
